
Microsoft Visual Studio Solution File, Format Version 12.00
Project("{2150E333-8FDC-42A3-9474-1A3956D46DE8}") = "Session 1", "Session 1", "{564852F2-222C-4C71-9E00-E64902FFDE04}"
EndProject
Project("{FAE04EC0-301F-11D3-BF4B-00C04F79EFBC}") = "Ex3-SimplePerson", "Ex3-SimplePerson\Ex3-SimplePerson.csproj", "{64688BB7-1C1E-41EE-9607-5819F2C2C23F}"
EndProject
Project("{FAE04EC0-301F-11D3-BF4B-00C04F79EFBC}") = "Ex4-Numbers", "Ex4-Numbers\Ex4-Numbers.csproj", "{125AFA06-C68D-4044-A213-01FEF4D74C10}"
EndProject
Project("{FAE04EC0-301F-11D3-BF4B-00C04F79EFBC}") = "Ex5-Meth", "Ex5-Meth\Ex5-Meth.csproj", "{322B4240-D659-4F77-9B04-B8C1CD20DD0F}"
EndProject
Project("{FAE04EC0-301F-11D3-BF4B-00C04F79EFBC}") = "Ex7-ABBA", "Ex7-ABBA\Ex7-ABBA.csproj", "{03DAB8E3-E4DB-4973-913F-5D5B86EB1509}"
EndProject
Project("{FAE04EC0-301F-11D3-BF4B-00C04F79EFBC}") = "Ex8-Surround", "Ex8-Surround\Ex8-Surround.csproj", "{A3FE5B6B-3840-4034-9AC7-B569E8D721AE}"
EndProject
Project("{FAE04EC0-301F-11D3-BF4B-00C04F79EFBC}") = "Ex9-Substring", "Ex9-Substring\Ex9-Substring.csproj", "{7FCA1D5A-0B49-49BD-B506-AEE870C45606}"
EndProject
Project("{FAE04EC0-301F-11D3-BF4B-00C04F79EFBC}") = "Ex10-BiggestDiff", "Ex10-BiggestDiff\Ex10-BiggestDiff.csproj", "{B6639F77-1687-49C2-8DA9-560BA141C0C0}"
EndProject
Project("{FAE04EC0-301F-11D3-BF4B-00C04F79EFBC}") = "Ex11-ArrayClumps", "Ex11-ArrayClumps\Ex11-ArrayClumps.csproj", "{72010875-1ABA-4AE4-9A3B-C6569BDE4F9E}"
EndProject
Global
	GlobalSection(SolutionConfigurationPlatforms) = preSolution
		Debug|Any CPU = Debug|Any CPU
		Release|Any CPU = Release|Any CPU
	EndGlobalSection
	GlobalSection(ProjectConfigurationPlatforms) = postSolution
		{64688BB7-1C1E-41EE-9607-5819F2C2C23F}.Debug|Any CPU.ActiveCfg = Debug|Any CPU
		{64688BB7-1C1E-41EE-9607-5819F2C2C23F}.Debug|Any CPU.Build.0 = Debug|Any CPU
		{64688BB7-1C1E-41EE-9607-5819F2C2C23F}.Release|Any CPU.ActiveCfg = Release|Any CPU
		{64688BB7-1C1E-41EE-9607-5819F2C2C23F}.Release|Any CPU.Build.0 = Release|Any CPU
		{125AFA06-C68D-4044-A213-01FEF4D74C10}.Debug|Any CPU.ActiveCfg = Debug|Any CPU
		{125AFA06-C68D-4044-A213-01FEF4D74C10}.Debug|Any CPU.Build.0 = Debug|Any CPU
		{125AFA06-C68D-4044-A213-01FEF4D74C10}.Release|Any CPU.ActiveCfg = Release|Any CPU
		{125AFA06-C68D-4044-A213-01FEF4D74C10}.Release|Any CPU.Build.0 = Release|Any CPU
		{322B4240-D659-4F77-9B04-B8C1CD20DD0F}.Debug|Any CPU.ActiveCfg = Debug|Any CPU
		{322B4240-D659-4F77-9B04-B8C1CD20DD0F}.Debug|Any CPU.Build.0 = Debug|Any CPU
		{322B4240-D659-4F77-9B04-B8C1CD20DD0F}.Release|Any CPU.ActiveCfg = Release|Any CPU
		{322B4240-D659-4F77-9B04-B8C1CD20DD0F}.Release|Any CPU.Build.0 = Release|Any CPU
		{03DAB8E3-E4DB-4973-913F-5D5B86EB1509}.Debug|Any CPU.ActiveCfg = Debug|Any CPU
		{03DAB8E3-E4DB-4973-913F-5D5B86EB1509}.Debug|Any CPU.Build.0 = Debug|Any CPU
		{03DAB8E3-E4DB-4973-913F-5D5B86EB1509}.Release|Any CPU.ActiveCfg = Release|Any CPU
		{03DAB8E3-E4DB-4973-913F-5D5B86EB1509}.Release|Any CPU.Build.0 = Release|Any CPU
		{A3FE5B6B-3840-4034-9AC7-B569E8D721AE}.Debug|Any CPU.ActiveCfg = Debug|Any CPU
		{A3FE5B6B-3840-4034-9AC7-B569E8D721AE}.Debug|Any CPU.Build.0 = Debug|Any CPU
		{A3FE5B6B-3840-4034-9AC7-B569E8D721AE}.Release|Any CPU.ActiveCfg = Release|Any CPU
		{A3FE5B6B-3840-4034-9AC7-B569E8D721AE}.Release|Any CPU.Build.0 = Release|Any CPU
		{7FCA1D5A-0B49-49BD-B506-AEE870C45606}.Debug|Any CPU.ActiveCfg = Debug|Any CPU
		{7FCA1D5A-0B49-49BD-B506-AEE870C45606}.Debug|Any CPU.Build.0 = Debug|Any CPU
		{7FCA1D5A-0B49-49BD-B506-AEE870C45606}.Release|Any CPU.ActiveCfg = Release|Any CPU
		{7FCA1D5A-0B49-49BD-B506-AEE870C45606}.Release|Any CPU.Build.0 = Release|Any CPU
		{B6639F77-1687-49C2-8DA9-560BA141C0C0}.Debug|Any CPU.ActiveCfg = Debug|Any CPU
		{B6639F77-1687-49C2-8DA9-560BA141C0C0}.Debug|Any CPU.Build.0 = Debug|Any CPU
		{B6639F77-1687-49C2-8DA9-560BA141C0C0}.Release|Any CPU.ActiveCfg = Release|Any CPU
		{B6639F77-1687-49C2-8DA9-560BA141C0C0}.Release|Any CPU.Build.0 = Release|Any CPU
		{72010875-1ABA-4AE4-9A3B-C6569BDE4F9E}.Debug|Any CPU.ActiveCfg = Debug|Any CPU
		{72010875-1ABA-4AE4-9A3B-C6569BDE4F9E}.Debug|Any CPU.Build.0 = Debug|Any CPU
		{72010875-1ABA-4AE4-9A3B-C6569BDE4F9E}.Release|Any CPU.ActiveCfg = Release|Any CPU
		{72010875-1ABA-4AE4-9A3B-C6569BDE4F9E}.Release|Any CPU.Build.0 = Release|Any CPU
	EndGlobalSection
	GlobalSection(NestedProjects) = preSolution
		{64688BB7-1C1E-41EE-9607-5819F2C2C23F} = {564852F2-222C-4C71-9E00-E64902FFDE04}
		{125AFA06-C68D-4044-A213-01FEF4D74C10} = {564852F2-222C-4C71-9E00-E64902FFDE04}
		{322B4240-D659-4F77-9B04-B8C1CD20DD0F} = {564852F2-222C-4C71-9E00-E64902FFDE04}
		{03DAB8E3-E4DB-4973-913F-5D5B86EB1509} = {564852F2-222C-4C71-9E00-E64902FFDE04}
		{A3FE5B6B-3840-4034-9AC7-B569E8D721AE} = {564852F2-222C-4C71-9E00-E64902FFDE04}
		{7FCA1D5A-0B49-49BD-B506-AEE870C45606} = {564852F2-222C-4C71-9E00-E64902FFDE04}
		{B6639F77-1687-49C2-8DA9-560BA141C0C0} = {564852F2-222C-4C71-9E00-E64902FFDE04}
		{72010875-1ABA-4AE4-9A3B-C6569BDE4F9E} = {564852F2-222C-4C71-9E00-E64902FFDE04}
	EndGlobalSection
EndGlobal
